
Microsoft Visual Studio Solution File, Format Version 12.00
# Visual Studio Version 16
VisualStudioVersion = 16.0.29411.108
MinimumVisualStudioVersion = 10.0.40219.1
Project("{FAE04EC0-301F-11D3-BF4B-00C04F79EFBC}") = "RegExpressLab", "RegExpressLab.csproj", "{61441DF8-8AE7-4FD0-81BD-7DE86F8ABAC1}"
EndProject
Global
	GlobalSection(SolutionConfigurationPlatforms) = preSolution
		Debug|Any CPU = Debug|Any CPU
		Release|Any CPU = Release|Any CPU
	EndGlobalSection
	GlobalSection(ProjectConfigurationPlatforms) = postSolution
		{61441DF8-8AE7-4FD0-81BD-7DE86F8ABAC1}.Debug|Any CPU.ActiveCfg = Debug|Any CPU
		{61441DF8-8AE7-4FD0-81BD-7DE86F8ABAC1}.Debug|Any CPU.Build.0 = Debug|Any CPU
		{61441DF8-8AE7-4FD0-81BD-7DE86F8ABAC1}.Release|Any CPU.ActiveCfg = Release|Any CPU
		{61441DF8-8AE7-4FD0-81BD-7DE86F8ABAC1}.Release|Any CPU.Build.0 = Release|Any CPU
	EndGlobalSection
	GlobalSection(SolutionProperties) = preSolution
		HideSolutionNode = FALSE
	EndGlobalSection
	GlobalSection(ExtensibilityGlobals) = postSolution
		SolutionGuid = {D4BC4DD7-EF00-455E-A440-1CA0B8803FA0}
	EndGlobalSection
EndGlobal
